// !$*UTF8*$!
{
	archiveVersion = 1;
	classes = {
	};
	objectVersion = 50;
	objects = {

/* Begin PBXBuildFile section */
		616A3ACE23A97891000E47DB /* AppDelegate.m in Sources */ = {isa = PBXBuildFile; fileRef = 616A3ACD23A97891000E47DB /* AppDelegate.m */; };
		616A3AD123A97891000E47DB /* SceneDelegate.m in Sources */ = {isa = PBXBuildFile; fileRef = 616A3AD023A97891000E47DB /* SceneDelegate.m */; };
		616A3AD423A97891000E47DB /* ViewController.m in Sources */ = {isa = PBXBuildFile; fileRef = 616A3AD323A97891000E47DB /* ViewController.m */; };
		616A3AD723A97891000E47DB /* Main.storyboard in Resources */ = {isa = PBXBuildFile; fileRef = 616A3AD523A97891000E47DB /* Main.storyboard */; };
		616A3AD923A97895000E47DB /* Assets.xcassets in Resources */ = {isa = PBXBuildFile; fileRef = 616A3AD823A97895000E47DB /* Assets.xcassets */; };
		616A3ADC23A97895000E47DB /* LaunchScreen.storyboard in Resources */ = {isa = PBXBuildFile; fileRef = 616A3ADA23A97895000E47DB /* LaunchScreen.storyboard */; };
		616A3ADF23A97895000E47DB /* main.m in Sources */ = {isa = PBXBuildFile; fileRef = 616A3ADE23A97895000E47DB /* main.m */; };
		616A3AE823A978FC000E47DB /* GoogleService-Info.plist in Resources */ = {isa = PBXBuildFile; fileRef = 616A3AE723A978FC000E47DB /* GoogleService-Info.plist */; };
		EACD2C4E780FF2AC55CDE338 /* Pods_testdeeplinks.framework in Frameworks */ = {isa = PBXBuildFile; fileRef = FE4E81D6E6AABF7A537D55C4 /* Pods_testdeeplinks.framework */; };
/* End PBXBuildFile section */

/* Begin PBXFileReference section */
		3670D156691465D07E488917 /* Pods-testdeeplinks.release.xcconfig */ = {isa = PBXFileReference; includeInIndex = 1; lastKnownFileType = text.xcconfig; name = "Pods-testdeeplinks.release.xcconfig"; path = "Target Support Files/Pods-testdeeplinks/Pods-testdeeplinks.release.xcconfig"; sourceTree = "<group>"; };
		616A3AC923A97891000E47DB /* testdeeplinks.app */ = {isa = PBXFileReference; explicitFileType = wrapper.application; includeInIndex = 0; path = testdeeplinks.app; sourceTree = BUILT_PRODUCTS_DIR; };
		616A3ACC23A97891000E47DB /* AppDelegate.h */ = {isa = PBXFileReference; lastKnownFileType = sourcecode.c.h; path = AppDelegate.h; sourceTree = "<group>"; };
		616A3ACD23A97891000E47DB /* AppDelegate.m */ = {isa = PBXFileReference; lastKnownFileType = sourcecode.c.objc; path = AppDelegate.m; sourceTree = "<group>"; };
		616A3ACF23A97891000E47DB /* SceneDelegate.h */ = {isa = PBXFileReference; lastKnownFileType = sourcecode.c.h; path = SceneDelegate.h; sourceTree = "<group>"; };
		616A3AD023A97891000E47DB /* SceneDelegate.m */ = {isa = PBXFileReference; lastKnownFileType = sourcecode.c.objc; path = SceneDelegate.m; sourceTree = "<group>"; };
		616A3AD223A97891000E47DB /* ViewController.h */ = {isa = PBXFileReference; lastKnownFileType = sourcecode.c.h; path = ViewController.h; sourceTree = "<group>"; };
		616A3AD323A97891000E47DB /* ViewController.m */ = {isa = PBXFileReference; lastKnownFileType = sourcecode.c.objc; path = ViewController.m; sourceTree = "<group>"; };
		616A3AD623A97891000E47DB /* Base */ = {isa = PBXFileReference; lastKnownFileType = file.storyboard; name = Base; path = Base.lproj/Main.storyboard; sourceTree = "<group>"; };
		616A3AD823A97895000E47DB /* Assets.xcassets */ = {isa = PBXFileReference; lastKnownFileType = folder.assetcatalog; path = Assets.xcassets; sourceTree = "<group>"; };
		616A3ADB23A97895000E47DB /* Base */ = {isa = PBXFileReference; lastKnownFileType = file.storyboard; name = Base; path = Base.lproj/LaunchScreen.storyboard; sourceTree = "<group>"; };
		616A3ADD23A97895000E47DB /* Info.plist */ = {isa = PBXFileReference; lastKnownFileType = text.plist.xml; path = Info.plist; sourceTree = "<group>"; };
		616A3ADE23A97895000E47DB /* main.m */ = {isa = PBXFileReference; lastKnownFileType = sourcecode.c.objc; path = main.m; sourceTree = "<group>"; };
		616A3AE723A978FC000E47DB /* GoogleService-Info.plist */ = {isa = PBXFileReference; fileEncoding = 4; lastKnownFileType = text.plist.xml; path = "GoogleService-Info.plist"; sourceTree = "<group>"; };
		A59FF1A6016DDABFA98E8F0E /* Pods-testdeeplinks.debug.xcconfig */ = {isa = PBXFileReference; includeInIndex = 1; lastKnownFileType = text.xcconfig; name = "Pods-testdeeplinks.debug.xcconfig"; path = "Target Support Files/Pods-testdeeplinks/Pods-testdeeplinks.debug.xcconfig"; sourceTree = "<group>"; };
		FE4E81D6E6AABF7A537D55C4 /* Pods_testdeeplinks.framework */ = {isa = PBXFileReference; explicitFileType = wrapper.framework; includeInIndex = 0; path = Pods_testdeeplinks.framework; sourceTree = BUILT_PRODUCTS_DIR; };
/* End PBXFileReference section */

/* Begin PBXFrameworksBuildPhase section */
		616A3AC623A97891000E47DB /* Frameworks */ = {
			isa = PBXFrameworksBuildPhase;
			buildActionMask = 2147483647;
			files = (
				EACD2C4E780FF2AC55CDE338 /* Pods_testdeeplinks.framework in Frameworks */,
			);
			runOnlyForDeploymentPostprocessing = 0;
		};
/* End PBXFrameworksBuildPhase section */

/* Begin PBXGroup section */
		51EAF470B452AB069A79ED9A /* Frameworks */ = {
			isa = PBXGroup;
			children = (
				FE4E81D6E6AABF7A537D55C4 /* Pods_testdeeplinks.framework */,
			);
			name = Frameworks;
			sourceTree = "<group>";
		};
		616A3AC023A97891000E47DB = {
			isa = PBXGroup;
			children = (
				616A3ACB23A97891000E47DB /* testdeeplinks */,
				616A3ACA23A97891000E47DB /* Products */,
				B58474CC2977D9F8A13E0D6E /* Pods */,
				51EAF470B452AB069A79ED9A /* Frameworks */,
			);
			sourceTree = "<group>";
		};
		616A3ACA23A97891000E47DB /* Products */ = {
			isa = PBXGroup;
			children = (
				616A3AC923A97891000E47DB /* testdeeplinks.app */,
			);
			name = Products;
			sourceTree = "<group>";
		};
		616A3ACB23A97891000E47DB /* testdeeplinks */ = {
			isa = PBXGroup;
			children = (
				616A3ACC23A97891000E47DB /* AppDelegate.h */,
				616A3ACD23A97891000E47DB /* AppDelegate.m */,
				616A3ACF23A97891000E47DB /* SceneDelegate.h */,
				616A3AD023A97891000E47DB /* SceneDelegate.m */,
				616A3AD223A97891000E47DB /* ViewController.h */,
				616A3AD323A97891000E47DB /* ViewController.m */,
				616A3AD523A97891000E47DB /* Main.storyboard */,
				616A3AD823A97895000E47DB /* Assets.xcassets */,
				616A3ADA23A97895000E47DB /* LaunchScreen.storyboard */,
				616A3ADD23A97895000E47DB /* Info.plist */,
				616A3ADE23A97895000E47DB /* main.m */,
				616A3AE723A978FC000E47DB /* GoogleService-Info.plist */,
			);
			path = testdeeplinks;
			sourceTree = "<group>";
		};
		B58474CC2977D9F8A13E0D6E /* Pods */ = {
			isa = PBXGroup;
			children = (
				A59FF1A6016DDABFA98E8F0E /* Pods-testdeeplinks.debug.xcconfig */,
				3670D156691465D07E488917 /* Pods-testdeeplinks.release.xcconfig */,
			);
			name = Pods;
			path = Pods;
			sourceTree = "<group>";
		};
/* End PBXGroup section */

/* Begin PBXNativeTarget section */
		616A3AC823A97891000E47DB /* testdeeplinks */ = {
			isa = PBXNativeTarget;
			buildConfigurationList = 616A3AE223A97895000E47DB /* Build configuration list for PBXNativeTarget "testdeeplinks" */;
			buildPhases = (
				8979C9BA657C989EED1667A4 /* [CP] Check Pods Manifest.lock */,
				616A3AC523A97891000E47DB /* Sources */,
				616A3AC623A97891000E47DB /* Frameworks */,
				616A3AC723A97891000E47DB /* Resources */,
				68A38BFB19F007FCE42A5D46 /* [CP] Embed Pods Frameworks */,
			);
			buildRules = (
			);
			dependencies = (
			);
			name = testdeeplinks;
			productName = testdeeplinks;
			productReference = 616A3AC923A97891000E47DB /* testdeeplinks.app */;
			productType = "com.apple.product-type.application";
		};
/* End PBXNativeTarget section */

/* Begin PBXProject section */
		616A3AC123A97891000E47DB /* Project object */ = {
			isa = PBXProject;
			attributes = {
				LastUpgradeCheck = 1120;
				ORGANIZATIONNAME = DNArt;
				TargetAttributes = {
					616A3AC823A97891000E47DB = {
						CreatedOnToolsVersion = 11.2.1;
					};
				};
			};
			buildConfigurationList = 616A3AC423A97891000E47DB /* Build configuration list for PBXProject "testdeeplinks" */;
			compatibilityVersion = "Xcode 9.3";
			developmentRegion = en;
			hasScannedForEncodings = 0;
			knownRegions = (
				en,
				Base,
			);
			mainGroup = 616A3AC023A97891000E47DB;
			productRefGroup = 616A3ACA23A97891000E47DB /* Products */;
			projectDirPath = "";
			projectRoot = "";
			targets = (
				616A3AC823A97891000E47DB /* testdeeplinks */,
			);
		};
/* End PBXProject section */

/* Begin PBXResourcesBuildPhase section */
		616A3AC723A97891000E47DB /* Resources */ = {
			isa = PBXResourcesBuildPhase;
			buildActionMask = 2147483647;
			files = (
				616A3ADC23A97895000E47DB /* LaunchScreen.storyboard in Resources */,
				616A3AE823A978FC000E47DB /* GoogleService-Info.plist in Resources */,
				616A3AD923A97895000E47DB /* Assets.xcassets in Resources */,
				616A3AD723A97891000E47DB /* Main.storyboard in Resources */,
			);
			runOnlyForDeploymentPostprocessing = 0;
		};
/* End PBXResourcesBuildPhase section */

/* Begin PBXShellScriptBuildPhase section */
		68A38BFB19F007FCE42A5D46 /* [CP] Embed Pods Frameworks */ = {
			isa = PBXShellScriptBuildPhase;
			buildActionMask = 2147483647;
			files = (
			);
			inputFileListPaths = (
				"${PODS_ROOT}/Target Support Files/Pods-testdeeplinks/Pods-testdeeplinks-frameworks-${CONFIGURATION}-input-files.xcfilelist",
			);
			name = "[CP] Embed Pods Frameworks";
			outputFileListPaths = (
				"${PODS_ROOT}/Target Support Files/Pods-testdeeplinks/Pods-testdeeplinks-frameworks-${CONFIGURATION}-output-files.xcfilelist",
			);
			runOnlyForDeploymentPostprocessing = 0;
			shellPath = /bin/sh;
			shellScript = "\"${PODS_ROOT}/Target Support Files/Pods-testdeeplinks/Pods-testdeeplinks-frameworks.sh\"\n";
			showEnvVarsInLog = 0;
		};
		8979C9BA657C989EED1667A4 /* [CP] Check Pods Manifest.lock */ = {
			isa = PBXShellScriptBuildPhase;
			buildActionMask = 2147483647;
			files = (
			);
			inputFileListPaths = (
			);
			inputPaths = (
				"${PODS_PODFILE_DIR_PATH}/Podfile.lock",
				"${PODS_ROOT}/Manifest.lock",
			);
			name = "[CP] Check Pods Manifest.lock";
			outputFileListPaths = (
			);
			outputPaths = (
				"$(DERIVED_FILE_DIR)/Pods-testdeeplinks-checkManifestLockResult.txt",
			);
			runOnlyForDeploymentPostprocessing = 0;
			shellPath = /bin/sh;
			shellScript = "diff \"${PODS_PODFILE_DIR_PATH}/Podfile.lock\" \"${PODS_ROOT}/Manifest.lock\" > /dev/null\nif [ $? != 0 ] ; then\n    # print error to STDERR\n    echo \"error: The sandbox is not in sync with the Podfile.lock. Run 'pod install' or update your CocoaPods installation.\" >&2\n    exit 1\nfi\n# This output is used by Xcode 'outputs' to avoid re-running this script phase.\necho \"SUCCESS\" > \"${SCRIPT_OUTPUT_FILE_0}\"\n";
			showEnvVarsInLog = 0;
		};
/* End PBXShellScriptBuildPhase section */

/* Begin PBXSourcesBuildPhase section */
		616A3AC523A97891000E47DB /* Sources */ = {
			isa = PBXSourcesBuildPhase;
			buildActionMask = 2147483647;
			files = (
				616A3AD423A97891000E47DB /* ViewController.m in Sources */,
				616A3ACE23A97891000E47DB /* AppDelegate.m in Sources */,
				616A3ADF23A97895000E47DB /* main.m in Sources */,
				616A3AD123A97891000E47DB /* SceneDelegate.m in Sources */,
			);
			runOnlyForDeploymentPostprocessing = 0;
		};
/* End PBXSourcesBuildPhase section */

/* Begin PBXVariantGroup section */
		616A3AD523A97891000E47DB /* Main.storyboard */ = {
			isa = PBXVariantGroup;
			children = (
				616A3AD623A97891000E47DB /* Base */,
			);
			name = Main.storyboard;
			sourceTree = "<group>";
		};
		616A3ADA23A97895000E47DB /* LaunchScreen.storyboard */ = {
			isa = PBXVariantGroup;
			children = (
				616A3ADB23A97895000E47DB /* Base */,
			);
			name = LaunchScreen.storyboard;
			sourceTree = "<group>";
		};
/* End PBXVariantGroup section */

/* Begin XCBuildConfiguration section */
		616A3AE023A97895000E47DB /* Debug */ = {
			isa = XCBuildConfiguration;
			buildSettings = {
				ALWAYS_SEARCH_USER_PATHS = NO;
				CLANG_ANALYZER_NONNULL = YES;
				CLANG_ANALYZER_NUMBER_OBJECT_CONVERSION = YES_AGGRESSIVE;
				CLANG_CXX_LANGUAGE_STANDARD = "gnu++14";
				CLANG_CXX_LIBRARY = "libc++";
				CLANG_ENABLE_MODULES = YES;
				CLANG_ENABLE_OBJC_ARC = YES;
				CLANG_ENABLE_OBJC_WEAK = YES;
				CLANG_WARN_BLOCK_CAPTURE_AUTORELEASING = YES;
				CLANG_WARN_BOOL_CONVERSION = YES;
				CLANG_WARN_COMMA = YES;
				CLANG_WARN_CONSTANT_CONVERSION = YES;
				CLANG_WARN_DEPRECATED_OBJC_IMPLEMENTATIONS = YES;
				CLANG_WARN_DIRECT_OBJC_ISA_USAGE = YES_ERROR;
				CLANG_WARN_DOCUMENTATION_COMMENTS = YES;
				CLANG_WARN_EMPTY_BODY = YES;
				CLANG_WARN_ENUM_CONVERSION = YES;
				CLANG_WARN_INFINITE_RECURSION = YES;
				CLANG_WARN_INT_CONVERSION = YES;
				CLANG_WARN_NON_LITERAL_NULL_CONVERSION = YES;
				CLANG_WARN_OBJC_IMPLICIT_RETAIN_SELF = YES;
				CLANG_WARN_OBJC_LITERAL_CONVERSION = YES;
				CLANG_WARN_OBJC_ROOT_CLASS = YES_ERROR;
				CLANG_WARN_RANGE_LOOP_ANALYSIS = YES;
				CLANG_WARN_STRICT_PROTOTYPES = YES;
				CLANG_WARN_SUSPICIOUS_MOVE = YES;
				CLANG_WARN_UNGUARDED_AVAILABILITY = YES_AGGRESSIVE;
				CLANG_WARN_UNREACHABLE_CODE = YES;
				CLANG_WARN__DUPLICATE_METHOD_MATCH = YES;
				COPY_PHASE_STRIP = NO;
				DEBUG_INFORMATION_FORMAT = dwarf;
				ENABLE_STRICT_OBJC_MSGSEND = YES;
				ENABLE_TESTABILITY = YES;
				GCC_C_LANGUAGE_STANDARD = gnu11;
				GCC_DYNAMIC_NO_PIC = NO;
				GCC_NO_COMMON_BLOCKS = YES;
				GCC_OPTIMIZATION_LEVEL = 0;
				GCC_PREPROCESSOR_DEFINITIONS = (
					"DEBUG=1",
					"$(inherited)",
				);
				GCC_WARN_64_TO_32_BIT_CONVERSION = YES;
				GCC_WARN_ABOUT_RETURN_TYPE = YES_ERROR;
				GCC_WARN_UNDECLARED_SELECTOR = YES;
				GCC_WARN_UNINITIALIZED_AUTOS = YES_AGGRESSIVE;
				GCC_WARN_UNUSED_FUNCTION = YES;
				GCC_WARN_UNUSED_VARIABLE = YES;
				IPHONEOS_DEPLOYMENT_TARGET = 13.2;
				MTL_ENABLE_DEBUG_INFO = INCLUDE_SOURCE;
				MTL_FAST_MATH = YES;
				ONLY_ACTIVE_ARCH = YES;
				SDKROOT = iphoneos;
			};
			name = Debug;
		};
		616A3AE123A97895000E47DB /* Release */ = {
			isa = XCBuildConfiguration;
			buildSettings = {
				ALWAYS_SEARCH_USER_PATHS = NO;
				CLANG_ANALYZER_NONNULL = YES;
				CLANG_ANALYZER_NUMBER_OBJECT_CONVERSION = YES_AGGRESSIVE;
				CLANG_CXX_LANGUAGE_STANDARD = "gnu++14";
				CLANG_CXX_LIBRARY = "libc++";
				CLANG_ENABLE_MODULES = YES;
				CLANG_ENABLE_OBJC_ARC = YES;
				CLANG_ENABLE_OBJC_WEAK = YES;
				CLANG_WARN_BLOCK_CAPTURE_AUTORELEASING = YES;
				CLANG_WARN_BOOL_CONVERSION = YES;
				CLANG_WARN_COMMA = YES;
				CLANG_WARN_CONSTANT_CONVERSION = YES;
				CLANG_WARN_DEPRECATED_OBJC_IMPLEMENTATIONS = YES;
				CLANG_WARN_DIRECT_OBJC_ISA_USAGE = YES_ERROR;
				CLANG_WARN_DOCUMENTATION_COMMENTS = YES;
				CLANG_WARN_EMPTY_BODY = YES;
				CLANG_WARN_ENUM_CONVERSION = YES;
				CLANG_WARN_INFINITE_RECURSION = YES;
				CLANG_WARN_INT_CONVERSION = YES;
				CLANG_WARN_NON_LITERAL_NULL_CONVERSION = YES;
				CLANG_WARN_OBJC_IMPLICIT_RETAIN_SELF = YES;
				CLANG_WARN_OBJC_LITERAL_CONVERSION = YES;
				CLANG_WARN_OBJC_ROOT_CLASS = YES_ERROR;
				CLANG_WARN_RANGE_LOOP_ANALYSIS = YES;
				CLANG_WARN_STRICT_PROTOTYPES = YES;
				CLANG_WARN_SUSPICIOUS_MOVE = YES;
				CLANG_WARN_UNGUARDED_AVAILABILITY = YES_AGGRESSIVE;
				CLANG_WARN_UNREACHABLE_CODE = YES;
				CLANG_WARN__DUPLICATE_METHOD_MATCH = YES;
				COPY_PHASE_STRIP = NO;
				DEBUG_INFORMATION_FORMAT = "dwarf-with-dsym";
				ENABLE_NS_ASSERTIONS = NO;
				ENABLE_STRICT_OBJC_MSGSEND = YES;
				GCC_C_LANGUAGE_STANDARD = gnu11;
				GCC_NO_COMMON_BLOCKS = YES;
				GCC_WARN_64_TO_32_BIT_CONVERSION = YES;
				GCC_WARN_ABOUT_RETURN_TYPE = YES_ERROR;
				GCC_WARN_UNDECLARED_SELECTOR = YES;
				GCC_WARN_UNINITIALIZED_AUTOS = YES_AGGRESSIVE;
				GCC_WARN_UNUSED_FUNCTION = YES;
				GCC_WARN_UNUSED_VARIABLE = YES;
				IPHONEOS_DEPLOYMENT_TARGET = 13.2;
				MTL_ENABLE_DEBUG_INFO = NO;
				MTL_FAST_MATH = YES;
				SDKROOT = iphoneos;
				VALIDATE_PRODUCT = YES;
			};
			name = Release;
		};
		616A3AE323A97895000E47DB /* Debug */ = {
			isa = XCBuildConfiguration;
			baseConfigurationReference = A59FF1A6016DDABFA98E8F0E /* Pods-testdeeplinks.debug.xcconfig */;
			buildSettings = {
				ASSETCATALOG_COMPILER_APPICON_NAME = AppIcon;
				CODE_SIGN_STYLE = Automatic;
				DEVELOPMENT_TEAM = 6W64ERMC79;
				INFOPLIST_FILE = testdeeplinks/Info.plist;
				LD_RUNPATH_SEARCH_PATHS = (
					"$(inherited)",
					"@executable_path/Frameworks",
				);
				PRODUCT_BUNDLE_IDENTIFIER = org.dnart.testdeeplinks;
				PRODUCT_NAME = "$(TARGET_NAME)";
				TARGETED_DEVICE_FAMILY = "1,2";
			};
			name = Debug;
		};
		616A3AE423A97895000E47DB /* Release */ = {
			isa = XCBuildConfiguration;
			baseConfigurationReference = 3670D156691465D07E488917 /* Pods-testdeeplinks.release.xcconfig */;
			buildSettings = {
				ASSETCATALOG_COMPILER_APPICON_NAME = AppIcon;
				CODE_SIGN_STYLE = Automatic;
				DEVELOPMENT_TEAM = 6W64ERMC79;
				INFOPLIST_FILE = testdeeplinks/Info.plist;
				LD_RUNPATH_SEARCH_PATHS = (
					"$(inherited)",
					"@executable_path/Frameworks",
				);
				PRODUCT_BUNDLE_IDENTIFIER = org.dnart.testdeeplinks;
				PRODUCT_NAME = "$(TARGET_NAME)";
				TARGETED_DEVICE_FAMILY = "1,2";
			};
			name = Release;
		};
/* End XCBuildConfiguration section */

/* Begin XCConfigurationList section */
		616A3AC423A97891000E47DB /* Build configuration list for PBXProject "testdeeplinks" */ = {
			isa = XCConfigurationList;
			buildConfigurations = (
				616A3AE023A97895000E47DB /* Debug */,
				616A3AE123A97895000E47DB /* Release */,
			);
			defaultConfigurationIsVisible = 0;
			defaultConfigurationName = Release;
		};
		616A3AE223A97895000E47DB /* Build configuration list for PBXNativeTarget "testdeeplinks" */ = {
			isa = XCConfigurationList;
			buildConfigurations = (
				616A3AE323A97895000E47DB /* Debug */,
				616A3AE423A97895000E47DB /* Release */,
			);
			defaultConfigurationIsVisible = 0;
			defaultConfigurationName = Release;
		};
/* End XCConfigurationList section */
	};
	rootObject = 616A3AC123A97891000E47DB /* Project object */;
}
